
Microsoft Visual Studio Solution File, Format Version 12.00
# Visual Studio Version 17
VisualStudioVersion = 17.6.33801.468
MinimumVisualStudioVersion = 10.0.40219.1
Project("{FAE04EC0-301F-11D3-BF4B-00C04F79EFBC}") = "MitsubishiElectric.Widgets.ConsoleClient", "MitsubishiElectric.Widgets.Console\MitsubishiElectric.Widgets.ConsoleClient.csproj", "{E712770B-7CA3-4920-AA93-EACFC3ADAB03}"
EndProject
Project("{FAE04EC0-301F-11D3-BF4B-00C04F79EFBC}") = "MitsubishiElectric.Widgets.Services", "MitsubishiElectric.Widgets.Services\MitsubishiElectric.Widgets.Services.csproj", "{F2F4E0A0-0367-4AA9-A017-932A0A7E2831}"
EndProject
Project("{FAE04EC0-301F-11D3-BF4B-00C04F79EFBC}") = "MitsubishiElectric.Widgets.Tests", "MitsubishiElectric.Widgets.Tests\MitsubishiElectric.Widgets.Tests.csproj", "{6994C397-BED9-451B-9F93-5B35B31E049D}"
EndProject
Global
	GlobalSection(SolutionConfigurationPlatforms) = preSolution
		Debug|Any CPU = Debug|Any CPU
		Release|Any CPU = Release|Any CPU
	EndGlobalSection
	GlobalSection(ProjectConfigurationPlatforms) = postSolution
		{E712770B-7CA3-4920-AA93-EACFC3ADAB03}.Debug|Any CPU.ActiveCfg = Debug|Any CPU
		{E712770B-7CA3-4920-AA93-EACFC3ADAB03}.Debug|Any CPU.Build.0 = Debug|Any CPU
		{E712770B-7CA3-4920-AA93-EACFC3ADAB03}.Release|Any CPU.ActiveCfg = Release|Any CPU
		{E712770B-7CA3-4920-AA93-EACFC3ADAB03}.Release|Any CPU.Build.0 = Release|Any CPU
		{F2F4E0A0-0367-4AA9-A017-932A0A7E2831}.Debug|Any CPU.ActiveCfg = Debug|Any CPU
		{F2F4E0A0-0367-4AA9-A017-932A0A7E2831}.Debug|Any CPU.Build.0 = Debug|Any CPU
		{F2F4E0A0-0367-4AA9-A017-932A0A7E2831}.Release|Any CPU.ActiveCfg = Release|Any CPU
		{F2F4E0A0-0367-4AA9-A017-932A0A7E2831}.Release|Any CPU.Build.0 = Release|Any CPU
		{6994C397-BED9-451B-9F93-5B35B31E049D}.Debug|Any CPU.ActiveCfg = Debug|Any CPU
		{6994C397-BED9-451B-9F93-5B35B31E049D}.Debug|Any CPU.Build.0 = Debug|Any CPU
		{6994C397-BED9-451B-9F93-5B35B31E049D}.Release|Any CPU.ActiveCfg = Release|Any CPU
		{6994C397-BED9-451B-9F93-5B35B31E049D}.Release|Any CPU.Build.0 = Release|Any CPU
	EndGlobalSection
	GlobalSection(SolutionProperties) = preSolution
		HideSolutionNode = FALSE
	EndGlobalSection
	GlobalSection(ExtensibilityGlobals) = postSolution
		SolutionGuid = {2F2AAD68-4C5E-44ED-8344-E4797A873878}
	EndGlobalSection
EndGlobal
